
Microsoft Visual Studio Solution File, Format Version 12.00
# Visual Studio 15
VisualStudioVersion = 15.0.28307.168
MinimumVisualStudioVersion = 10.0.40219.1
Project("{FAE04EC0-301F-11D3-BF4B-00C04F79EFBC}") = "Decaf", "Decaf\Decaf.csproj", "{BAB64FB3-8491-4A4A-A40E-6F41FAFDE8DE}"
EndProject
Global
	GlobalSection(SolutionConfigurationPlatforms) = preSolution
		Debug|Any CPU = Debug|Any CPU
		Release|Any CPU = Release|Any CPU
	EndGlobalSection
	GlobalSection(ProjectConfigurationPlatforms) = postSolution
		{BAB64FB3-8491-4A4A-A40E-6F41FAFDE8DE}.Debug|Any CPU.ActiveCfg = Debug|Any CPU
		{BAB64FB3-8491-4A4A-A40E-6F41FAFDE8DE}.Debug|Any CPU.Build.0 = Debug|Any CPU
		{BAB64FB3-8491-4A4A-A40E-6F41FAFDE8DE}.Release|Any CPU.ActiveCfg = Release|Any CPU
		{BAB64FB3-8491-4A4A-A40E-6F41FAFDE8DE}.Release|Any CPU.Build.0 = Release|Any CPU
	EndGlobalSection
	GlobalSection(SolutionProperties) = preSolution
		HideSolutionNode = FALSE
	EndGlobalSection
	GlobalSection(ExtensibilityGlobals) = postSolution
		SolutionGuid = {B6212552-8543-4E64-9208-1512CF728285}
	EndGlobalSection
EndGlobal
